
Microsoft Visual Studio Solution File, Format Version 12.00
# Visual Studio 2015
Project("{FAE04EC0-301F-11D3-BF4B-00C04F79EFBC}") = "VRPrototype.CSharp", "VRPrototype.CSharp.csproj", "{C19D3E95-FD81-E689-612E-64C2B5F3B8FB}"
EndProject
Project("{FAE04EC0-301F-11D3-BF4B-00C04F79EFBC}") = "VRPrototype.CSharp.Editor", "VRPrototype.CSharp.Editor.csproj", "{9B5A283B-6B47-EBB3-AF8E-A1AA3C3B2F96}"
EndProject
Global
	GlobalSection(SolutionConfigurationPlatforms) = preSolution
		Debug|Any CPU = Debug|Any CPU
		Release|Any CPU = Release|Any CPU
	EndGlobalSection
	GlobalSection(ProjectConfigurationPlatforms) = postSolution
		{C19D3E95-FD81-E689-612E-64C2B5F3B8FB}.Debug|Any CPU.ActiveCfg = Debug|Any CPU
		{C19D3E95-FD81-E689-612E-64C2B5F3B8FB}.Debug|Any CPU.Build.0 = Debug|Any CPU
		{C19D3E95-FD81-E689-612E-64C2B5F3B8FB}.Release|Any CPU.ActiveCfg = Release|Any CPU
		{C19D3E95-FD81-E689-612E-64C2B5F3B8FB}.Release|Any CPU.Build.0 = Release|Any CPU
		{9B5A283B-6B47-EBB3-AF8E-A1AA3C3B2F96}.Debug|Any CPU.ActiveCfg = Debug|Any CPU
		{9B5A283B-6B47-EBB3-AF8E-A1AA3C3B2F96}.Debug|Any CPU.Build.0 = Debug|Any CPU
		{9B5A283B-6B47-EBB3-AF8E-A1AA3C3B2F96}.Release|Any CPU.ActiveCfg = Release|Any CPU
		{9B5A283B-6B47-EBB3-AF8E-A1AA3C3B2F96}.Release|Any CPU.Build.0 = Release|Any CPU
	EndGlobalSection
	GlobalSection(SolutionProperties) = preSolution
		HideSolutionNode = FALSE
	EndGlobalSection
EndGlobal
